<?xml version="1.0" encoding="utf-8"?>
<Project ToolsVersion="4.0" xmlns="http://schemas.microsoft.com/developer/msbuild/2003">
  <ItemGroup>
    <Filter Include="Source Files">
      <UniqueIdentifier>{4FC737F1-C7A5-4376-A066-2A32D752A2FF}</UniqueIdentifier>
      <Extensions>cpp;c;cc;cxx;c++;cppm;ixx;def;odl;idl;hpj;bat;asm;asmx</Extensions>
    </Filter>
    <Filter Include="Header Files">
      <UniqueIdentifier>{93995380-89BD-4b04-88EB-625FBE52EBFB}</UniqueIdentifier>
      <Extensions>h;hh;hpp;hxx;h++;hm;inl;inc;ipp;xsd</Extensions>
    </Filter>
    <Filter Include="Resource Files">
      <UniqueIdentifier>{67DA6AB6-F800-4c08-8B7A-83BB121AAD01}</UniqueIdentifier>
      <Extensions>rc;ico;cur;bmp;dlg;rc2;rct;bin;rgs;gif;jpg;jpeg;jpe;resx;tiff;tif;png;wav;mfcribbon-ms</Extensions>
    </Filter>
    <Filter Include="Header Files\IO">
      <UniqueIdentifier>{32c67db1-4e20-4999-87c9-05447b8e3231}</UniqueIdentifier>
    </Filter>
    <Filter Include="Source Files\IO">
      <UniqueIdentifier>{af304920-8110-4a3d-a8ab-fd93c15ec442}</UniqueIdentifier>
    </Filter>
  </ItemGroup>
  <ItemGroup>
    <ClCompile Include="SlipEngine.cpp">
      <Filter>Source Files</Filter>
    </ClCompile>
    <ClCompile Include="..\..\..\..\..\..\dev\Libraries\glad\src\glad.c">
      <Filter>Source Files</Filter>
    </ClCompile>
    <ClCompile Include="SlipShader.cpp">
      <Filter>Source Files</Filter>
    </ClCompile>
    <ClCompile Include="VAO.cpp">
      <Filter>Source Files</Filter>
    </ClCompile>
    <ClCompile Include="VBO.cpp">
      <Filter>Source Files</Filter>
    </ClCompile>
    <ClCompile Include="SlipCamera.cpp">
      <Filter>Source Files</Filter>
    </ClCompile>
    <ClCompile Include="SlipMesh.cpp">
      <Filter>Source Files</Filter>
    </ClCompile>
    <ClCompile Include="SlipLight.cpp">
      <Filter>Source Files</Filter>
    </ClCompile>
    <ClCompile Include="SlipMaterial.cpp">
      <Filter>Source Files</Filter>
    </ClCompile>
    <ClCompile Include="SlipUI.cpp">
      <Filter>Source Files</Filter>
    </ClCompile>
    <ClCompile Include="..\..\..\..\..\..\dev\Libraries\imgui\src\imgui.cpp">
      <Filter>Source Files</Filter>
    </ClCompile>
    <ClCompile Include="..\..\..\..\..\..\dev\Libraries\imgui\src\imgui_demo.cpp">
      <Filter>Source Files</Filter>
    </ClCompile>
    <ClCompile Include="..\..\..\..\..\..\dev\Libraries\imgui\src\imgui_draw.cpp">
      <Filter>Source Files</Filter>
    </ClCompile>
    <ClCompile Include="..\..\..\..\..\..\dev\Libraries\imgui\src\imgui_tables.cpp">
      <Filter>Source Files</Filter>
    </ClCompile>
    <ClCompile Include="..\..\..\..\..\..\dev\Libraries\imgui\src\imgui_widgets.cpp">
      <Filter>Source Files</Filter>
    </ClCompile>
    <ClCompile Include="..\..\..\..\..\..\dev\Libraries\imgui\src\imgui_impl_glfw.cpp">
      <Filter>Source Files</Filter>
    </ClCompile>
    <ClCompile Include="..\..\..\..\..\..\dev\Libraries\imgui\src\imgui_impl_opengl3.cpp">
      <Filter>Source Files</Filter>
    </ClCompile>
    <ClCompile Include="SlipEntity.cpp">
      <Filter>Source Files</Filter>
    </ClCompile>
    <ClCompile Include="..\..\..\..\..\..\dev\Libraries\imgui\FileBrowser\ImGuiFileBrowser.cpp">
      <Filter>Source Files</Filter>
    </ClCompile>
    <ClCompile Include="SlipEditor.cpp">
      <Filter>Source Files</Filter>
    </ClCompile>
    <ClCompile Include="SlipFrameBuffer.cpp">
      <Filter>Source Files</Filter>
    </ClCompile>
    <ClCompile Include="SlipModelExtract.cpp">
      <Filter>Source Files\IO</Filter>
    </ClCompile>
    <ClCompile Include="SlipLevel.cpp">
      <Filter>Source Files</Filter>
    </ClCompile>
    <ClCompile Include="SlipBsp.cpp">
      <Filter>Source Files</Filter>
    </ClCompile>
    <ClCompile Include="SlipTexture.cpp">
      <Filter>Source Files</Filter>
    </ClCompile>
    <ClCompile Include="SlipCollision.cpp">
      <Filter>Source Files</Filter>
    </ClCompile>
    <ClCompile Include="DebugCollision.cpp">
      <Filter>Source Files</Filter>
    </ClCompile>
    <ClCompile Include="SlipCharacter.cpp">
      <Filter>Source Files</Filter>
    </ClCompile>
    <ClCompile Include="SlipPlayer.cpp">
      <Filter>Source Files</Filter>
    </ClCompile>
    <ClCompile Include="SlipDebug.cpp">
      <Filter>Source Files</Filter>
    </ClCompile>
  </ItemGroup>
  <ItemGroup>
    <ClInclude Include="SlipShader.h">
      <Filter>Header Files</Filter>
    </ClInclude>
    <ClInclude Include="VAO.h">
      <Filter>Header Files</Filter>
    </ClInclude>
    <ClInclude Include="VBO.h">
      <Filter>Header Files</Filter>
    </ClInclude>
    <ClInclude Include="SlipCamera.h">
      <Filter>Header Files</Filter>
    </ClInclude>
    <ClInclude Include="SlipMesh.h">
      <Filter>Header Files</Filter>
    </ClInclude>
    <ClInclude Include="SlipLight.h">
      <Filter>Header Files</Filter>
    </ClInclude>
    <ClInclude Include="SlipMaterial.h">
      <Filter>Header Files</Filter>
    </ClInclude>
    <ClInclude Include="SlipUI.h">
      <Filter>Header Files</Filter>
    </ClInclude>
    <ClInclude Include="SlipEntity.h">
      <Filter>Header Files</Filter>
    </ClInclude>
    <ClInclude Include="SlipEditor.h">
      <Filter>Header Files</Filter>
    </ClInclude>
    <ClInclude Include="SlipFrameBuffer.h">
      <Filter>Header Files</Filter>
    </ClInclude>
    <ClInclude Include="io.h">
      <Filter>Header Files\IO</Filter>
    </ClInclude>
    <ClInclude Include="SlipModelExtract.h">
      <Filter>Header Files\IO</Filter>
    </ClInclude>
    <ClInclude Include="SlipLevel.h">
      <Filter>Header Files</Filter>
    </ClInclude>
    <ClInclude Include="SlipBsp.h">
      <Filter>Header Files</Filter>
    </ClInclude>
    <ClInclude Include="SlipTexture.h">
      <Filter>Header Files</Filter>
    </ClInclude>
    <ClInclude Include="SlipCollision.h">
      <Filter>Header Files</Filter>
    </ClInclude>
    <ClInclude Include="DebugCollision.h">
      <Filter>Header Files</Filter>
    </ClInclude>
    <ClInclude Include="SlipCharacter.h">
      <Filter>Header Files</Filter>
    </ClInclude>
    <ClInclude Include="SlipPlayer.h">
      <Filter>Header Files</Filter>
    </ClInclude>
    <ClInclude Include="SlipDebug.h">
      <Filter>Header Files</Filter>
    </ClInclude>
    <ClInclude Include="SlipGlobals.h">
      <Filter>Header Files</Filter>
    </ClInclude>
  </ItemGroup>
  <ItemGroup>
    <None Include="assets\shaders\basic.frag">
      <Filter>Resource Files</Filter>
    </None>
    <None Include="assets\shaders\basic.vert">
      <Filter>Resource Files</Filter>
    </None>
    <None Include="assets\shaders\mvp.frag">
      <Filter>Resource Files</Filter>
    </None>
    <None Include="assets\shaders\mvp.vert">
      <Filter>Resource Files</Filter>
    </None>
    <None Include="assets\shaders\light.vert">
      <Filter>Resource Files</Filter>
    </None>
    <None Include="assets\shaders\light.frag">
      <Filter>Resource Files</Filter>
    </None>
    <None Include="assets\shaders\sky.frag">
      <Filter>Resource Files</Filter>
    </None>
    <None Include="assets\shaders\sky.vert">
      <Filter>Resource Files</Filter>
    </None>
    <None Include="assets\shaders\ui.frag">
      <Filter>Resource Files</Filter>
    </None>
    <None Include="assets\shaders\ui.vert">
      <Filter>Resource Files</Filter>
    </None>
    <None Include="assets\shaders\screen.frag">
      <Filter>Resource Files</Filter>
    </None>
    <None Include="assets\shaders\screen.vert">
      <Filter>Resource Files</Filter>
    </None>
    <None Include="assets\shaders\bsp.frag">
      <Filter>Resource Files</Filter>
    </None>
    <None Include="assets\shaders\bsp.vert">
      <Filter>Resource Files</Filter>
    </None>
    <None Include="assets\shaders\debug.frag">
      <Filter>Resource Files</Filter>
    </None>
    <None Include="assets\shaders\debug.vert">
      <Filter>Resource Files</Filter>
    </None>
  </ItemGroup>
</Project>