<?xml version="1.0" encoding="utf-8"?>
<Project ToolsVersion="4.0" xmlns="http://schemas.microsoft.com/developer/msbuild/2003">
  <ItemGroup>
    <Filter Include="Source Files">
      <UniqueIdentifier>{4FC737F1-C7A5-4376-A066-2A32D752A2FF}</UniqueIdentifier>
      <Extensions>cpp;c;cc;cxx;c++;cppm;ixx;def;odl;idl;hpj;bat;asm;asmx</Extensions>
    </Filter>
    <Filter Include="Header Files">
      <UniqueIdentifier>{93995380-89BD-4b04-88EB-625FBE52EBFB}</UniqueIdentifier>
      <Extensions>h;hh;hpp;hxx;h++;hm;inl;inc;ipp;xsd</Extensions>
    </Filter>
    <Filter Include="Resource Files">
      <UniqueIdentifier>{67DA6AB6-F800-4c08-8B7A-83BB121AAD01}</UniqueIdentifier>
      <Extensions>rc;ico;cur;bmp;dlg;rc2;rct;bin;rgs;gif;jpg;jpeg;jpe;resx;tiff;tif;png;wav;mfcribbon-ms</Extensions>
    </Filter>
  </ItemGroup>
  <ItemGroup>
    <ClCompile Include="SlipEngine.cpp">
      <Filter>Source Files</Filter>
    </ClCompile>
    <ClCompile Include="SlipShader.cpp">
      <Filter>Source Files</Filter>
    </ClCompile>
    <ClCompile Include="SlipCamera.cpp">
      <Filter>Source Files</Filter>
    </ClCompile>
    <ClCompile Include="SlipMesh.cpp">
      <Filter>Source Files</Filter>
    </ClCompile>
    <ClCompile Include="SlipLight.cpp">
      <Filter>Source Files</Filter>
    </ClCompile>
    <ClCompile Include="SlipMaterial.cpp">
      <Filter>Source Files</Filter>
    </ClCompile>
    <ClCompile Include="SlipEntity.cpp">
      <Filter>Source Files</Filter>
    </ClCompile>
    <ClCompile Include="SlipFrameBuffer.cpp">
      <Filter>Source Files</Filter>
    </ClCompile>
    <ClCompile Include="SlipLevel.cpp">
      <Filter>Source Files</Filter>
    </ClCompile>
    <ClCompile Include="SlipBsp.cpp">
      <Filter>Source Files</Filter>
    </ClCompile>
    <ClCompile Include="SlipTexture.cpp">
      <Filter>Source Files</Filter>
    </ClCompile>
    <ClCompile Include="SlipDebug.cpp">
      <Filter>Source Files</Filter>
    </ClCompile>
    <ClCompile Include="..\..\Dependencies\glad\src\glad.c">
      <Filter>Source Files</Filter>
    </ClCompile>
    <ClCompile Include="SlipWindow.cpp">
      <Filter>Source Files</Filter>
    </ClCompile>
    <ClCompile Include="SlipInput.cpp">
      <Filter>Source Files</Filter>
    </ClCompile>
    <ClCompile Include="SlipComponent.cpp">
      <Filter>Source Files</Filter>
    </ClCompile>
    <ClCompile Include="SlipActor.cpp">
      <Filter>Source Files</Filter>
    </ClCompile>
    <ClCompile Include="SlipGlobals.cpp">
      <Filter>Source Files</Filter>
    </ClCompile>
    <ClCompile Include="SlipRender.cpp">
      <Filter>Source Files</Filter>
    </ClCompile>
    <ClCompile Include="SlipShadows.cpp">
      <Filter>Source Files</Filter>
    </ClCompile>
    <ClCompile Include="SlipUI.cpp">
      <Filter>Source Files</Filter>
    </ClCompile>
    <ClCompile Include="SlipBiped.cpp">
      <Filter>Source Files</Filter>
    </ClCompile>
    <ClCompile Include="SlipPhysics.cpp">
      <Filter>Source Files</Filter>
    </ClCompile>
    <ClCompile Include="SlipTerrain.cpp">
      <Filter>Source Files</Filter>
    </ClCompile>
    <ClCompile Include="dllmain.cpp">
      <Filter>Source Files</Filter>
    </ClCompile>
    <ClCompile Include="pch.cpp">
      <Filter>Source Files</Filter>
    </ClCompile>
    <ClCompile Include="SlipCollision.cpp">
      <Filter>Source Files</Filter>
    </ClCompile>
    <ClCompile Include="SlipSpawn.cpp">
      <Filter>Source Files</Filter>
    </ClCompile>
  </ItemGroup>
  <ItemGroup>
    <ClInclude Include="SlipShader.h">
      <Filter>Header Files</Filter>
    </ClInclude>
    <ClInclude Include="SlipCamera.h">
      <Filter>Header Files</Filter>
    </ClInclude>
    <ClInclude Include="SlipMesh.h">
      <Filter>Header Files</Filter>
    </ClInclude>
    <ClInclude Include="SlipLight.h">
      <Filter>Header Files</Filter>
    </ClInclude>
    <ClInclude Include="SlipMaterial.h">
      <Filter>Header Files</Filter>
    </ClInclude>
    <ClInclude Include="SlipUI.h">
      <Filter>Header Files</Filter>
    </ClInclude>
    <ClInclude Include="SlipEntity.h">
      <Filter>Header Files</Filter>
    </ClInclude>
    <ClInclude Include="SlipFrameBuffer.h">
      <Filter>Header Files</Filter>
    </ClInclude>
    <ClInclude Include="SlipLevel.h">
      <Filter>Header Files</Filter>
    </ClInclude>
    <ClInclude Include="SlipBsp.h">
      <Filter>Header Files</Filter>
    </ClInclude>
    <ClInclude Include="SlipTexture.h">
      <Filter>Header Files</Filter>
    </ClInclude>
    <ClInclude Include="SlipDebug.h">
      <Filter>Header Files</Filter>
    </ClInclude>
    <ClInclude Include="SlipGlobals.h">
      <Filter>Header Files</Filter>
    </ClInclude>
    <ClInclude Include="SlipWindow.h">
      <Filter>Header Files</Filter>
    </ClInclude>
    <ClInclude Include="SlipInput.h">
      <Filter>Header Files</Filter>
    </ClInclude>
    <ClInclude Include="SlipComponent.h">
      <Filter>Header Files</Filter>
    </ClInclude>
    <ClInclude Include="SlipActor.h">
      <Filter>Header Files</Filter>
    </ClInclude>
    <ClInclude Include="SlipID.h">
      <Filter>Header Files</Filter>
    </ClInclude>
    <ClInclude Include="SlipEngine.h">
      <Filter>Header Files</Filter>
    </ClInclude>
    <ClInclude Include="SlipRender.h">
      <Filter>Header Files</Filter>
    </ClInclude>
    <ClInclude Include="SlipShadows.h">
      <Filter>Header Files</Filter>
    </ClInclude>
    <ClInclude Include="SlipBiped.h">
      <Filter>Header Files</Filter>
    </ClInclude>
    <ClInclude Include="SlipPhysics.h">
      <Filter>Header Files</Filter>
    </ClInclude>
    <ClInclude Include="SlipTerrain.h">
      <Filter>Header Files</Filter>
    </ClInclude>
    <ClInclude Include="pch.h">
      <Filter>Header Files</Filter>
    </ClInclude>
    <ClInclude Include="framework.h">
      <Filter>Header Files</Filter>
    </ClInclude>
    <ClInclude Include="SlipCollision.h">
      <Filter>Header Files</Filter>
    </ClInclude>
    <ClInclude Include="SlipSpawn.h">
      <Filter>Header Files</Filter>
    </ClInclude>
    <ClInclude Include="resource.h">
      <Filter>Header Files</Filter>
    </ClInclude>
  </ItemGroup>
  <ItemGroup>
    <None Include="assets\shaders\basic.frag">
      <Filter>Resource Files</Filter>
    </None>
    <None Include="assets\shaders\basic.vert">
      <Filter>Resource Files</Filter>
    </None>
    <None Include="assets\shaders\mvp.frag">
      <Filter>Resource Files</Filter>
    </None>
    <None Include="assets\shaders\mvp.vert">
      <Filter>Resource Files</Filter>
    </None>
    <None Include="assets\shaders\light.vert">
      <Filter>Resource Files</Filter>
    </None>
    <None Include="assets\shaders\light.frag">
      <Filter>Resource Files</Filter>
    </None>
    <None Include="assets\shaders\sky.frag">
      <Filter>Resource Files</Filter>
    </None>
    <None Include="assets\shaders\sky.vert">
      <Filter>Resource Files</Filter>
    </None>
    <None Include="assets\shaders\ui.frag">
      <Filter>Resource Files</Filter>
    </None>
    <None Include="assets\shaders\ui.vert">
      <Filter>Resource Files</Filter>
    </None>
    <None Include="assets\shaders\screen.frag">
      <Filter>Resource Files</Filter>
    </None>
    <None Include="assets\shaders\screen.vert">
      <Filter>Resource Files</Filter>
    </None>
    <None Include="assets\shaders\bsp.frag">
      <Filter>Resource Files</Filter>
    </None>
    <None Include="assets\shaders\bsp.vert">
      <Filter>Resource Files</Filter>
    </None>
    <None Include="assets\shaders\debug.frag">
      <Filter>Resource Files</Filter>
    </None>
    <None Include="assets\shaders\debug.vert">
      <Filter>Resource Files</Filter>
    </None>
  </ItemGroup>
  <ItemGroup>
    <ResourceCompile Include="Resource.rc">
      <Filter>Resource Files</Filter>
    </ResourceCompile>
  </ItemGroup>
</Project>